
Microsoft Visual Studio Solution File, Format Version 12.00
# Visual Studio 15
VisualStudioVersion = 15.0.27004.2010
MinimumVisualStudioVersion = 10.0.40219.1
Project("{FAE04EC0-301F-11D3-BF4B-00C04F79EFBC}") = "Esercizio 3", "Esercizio 3\Esercizio 3.csproj", "{6AD69B36-654E-43FD-BE28-9D3B73D77710}"
EndProject
Global
	GlobalSection(SolutionConfigurationPlatforms) = preSolution
		Debug|Any CPU = Debug|Any CPU
		Release|Any CPU = Release|Any CPU
	EndGlobalSection
	GlobalSection(ProjectConfigurationPlatforms) = postSolution
		{6AD69B36-654E-43FD-BE28-9D3B73D77710}.Debug|Any CPU.ActiveCfg = Debug|Any CPU
		{6AD69B36-654E-43FD-BE28-9D3B73D77710}.Debug|Any CPU.Build.0 = Debug|Any CPU
		{6AD69B36-654E-43FD-BE28-9D3B73D77710}.Release|Any CPU.ActiveCfg = Release|Any CPU
		{6AD69B36-654E-43FD-BE28-9D3B73D77710}.Release|Any CPU.Build.0 = Release|Any CPU
	EndGlobalSection
	GlobalSection(SolutionProperties) = preSolution
		HideSolutionNode = FALSE
	EndGlobalSection
	GlobalSection(ExtensibilityGlobals) = postSolution
		SolutionGuid = {E824B530-86DF-4ABF-9656-AE0DA5AA6284}
	EndGlobalSection
EndGlobal
