
Microsoft Visual Studio Solution File, Format Version 12.00
# Visual Studio 15
VisualStudioVersion = 15.0.27004.2010
MinimumVisualStudioVersion = 10.0.40219.1
Project("{FAE04EC0-301F-11D3-BF4B-00C04F79EFBC}") = "Es4", "Esercizio 4\Es4.csproj", "{ABAE6503-F7A1-4209-859D-89FD6C67254B}"
EndProject
Global
	GlobalSection(SolutionConfigurationPlatforms) = preSolution
		Debug|Any CPU = Debug|Any CPU
		Release|Any CPU = Release|Any CPU
	EndGlobalSection
	GlobalSection(ProjectConfigurationPlatforms) = postSolution
		{ABAE6503-F7A1-4209-859D-89FD6C67254B}.Debug|Any CPU.ActiveCfg = Debug|Any CPU
		{ABAE6503-F7A1-4209-859D-89FD6C67254B}.Debug|Any CPU.Build.0 = Debug|Any CPU
		{ABAE6503-F7A1-4209-859D-89FD6C67254B}.Release|Any CPU.ActiveCfg = Release|Any CPU
		{ABAE6503-F7A1-4209-859D-89FD6C67254B}.Release|Any CPU.Build.0 = Release|Any CPU
	EndGlobalSection
	GlobalSection(SolutionProperties) = preSolution
		HideSolutionNode = FALSE
	EndGlobalSection
	GlobalSection(ExtensibilityGlobals) = postSolution
		SolutionGuid = {88B815BC-2E5F-4936-A10B-A9D6C93555B0}
	EndGlobalSection
EndGlobal
